
Microsoft Visual Studio Solution File, Format Version 12.00
# Visual Studio Version 16
VisualStudioVersion = 16.0.31727.386
MinimumVisualStudioVersion = 10.0.40219.1
Project("{F2A71F9B-5D33-465A-A702-920D77279786}") = "CarCalc", "CarCalc\CarCalc.fsproj", "{007BD5B1-EDFC-47FC-BDBB-58C1CA3619B5}"
EndProject
Global
	GlobalSection(SolutionConfigurationPlatforms) = preSolution
		Debug|Any CPU = Debug|Any CPU
		Release|Any CPU = Release|Any CPU
	EndGlobalSection
	GlobalSection(ProjectConfigurationPlatforms) = postSolution
		{007BD5B1-EDFC-47FC-BDBB-58C1CA3619B5}.Debug|Any CPU.ActiveCfg = Debug|Any CPU
		{007BD5B1-EDFC-47FC-BDBB-58C1CA3619B5}.Debug|Any CPU.Build.0 = Debug|Any CPU
		{007BD5B1-EDFC-47FC-BDBB-58C1CA3619B5}.Release|Any CPU.ActiveCfg = Release|Any CPU
		{007BD5B1-EDFC-47FC-BDBB-58C1CA3619B5}.Release|Any CPU.Build.0 = Release|Any CPU
	EndGlobalSection
	GlobalSection(SolutionProperties) = preSolution
		HideSolutionNode = FALSE
	EndGlobalSection
	GlobalSection(ExtensibilityGlobals) = postSolution
		SolutionGuid = {474AFE6B-E784-45BB-B7FE-74EC7D76CCFE}
	EndGlobalSection
EndGlobal
